
Microsoft Visual Studio Solution File, Format Version 12.00
# Visual Studio 15
VisualStudioVersion = 15.0.28307.271
MinimumVisualStudioVersion = 10.0.40219.1
Project("{FAE04EC0-301F-11D3-BF4B-00C04F79EFBC}") = "JavaScriptJQuery", "JavaScript_JQuery\JavaScriptJQuery.csproj", "{38F49288-79C5-44A9-842D-412C8BE473FC}"
EndProject
Project("{FAE04EC0-301F-11D3-BF4B-00C04F79EFBC}") = "Hjemmesideøvelse", "Hjemmesideøvelse\Hjemmesideøvelse.csproj", "{04AB5C29-C860-4489-AF25-E2B1054D52F7}"
EndProject
Project("{FAE04EC0-301F-11D3-BF4B-00C04F79EFBC}") = "Hjemmesideøvelse1", "Hjemmesideøvelse1\Hjemmesideøvelse1.csproj", "{84303063-CA82-46CA-945D-3808A4855FCF}"
EndProject
Project("{FAE04EC0-301F-11D3-BF4B-00C04F79EFBC}") = "Webservices", "Webservices\Webservices.csproj", "{632A8834-3A69-4338-9128-C8E744870FD2}"
EndProject
Project("{FAE04EC0-301F-11D3-BF4B-00C04F79EFBC}") = "MinegenAPI", "MinegenAPI\MinegenAPI.csproj", "{4D412531-695D-4A0B-BBD3-FA4623795600}"
EndProject
Project("{FAE04EC0-301F-11D3-BF4B-00C04F79EFBC}") = "Opgave REST CRUD API", "Opgave REST CRUD API\Opgave REST CRUD API.csproj", "{CA8EE669-27E5-411A-B414-4204B2344F48}"
EndProject
Global
	GlobalSection(SolutionConfigurationPlatforms) = preSolution
		Debug|Any CPU = Debug|Any CPU
		Release|Any CPU = Release|Any CPU
	EndGlobalSection
	GlobalSection(ProjectConfigurationPlatforms) = postSolution
		{38F49288-79C5-44A9-842D-412C8BE473FC}.Debug|Any CPU.ActiveCfg = Debug|Any CPU
		{38F49288-79C5-44A9-842D-412C8BE473FC}.Debug|Any CPU.Build.0 = Debug|Any CPU
		{38F49288-79C5-44A9-842D-412C8BE473FC}.Release|Any CPU.ActiveCfg = Release|Any CPU
		{38F49288-79C5-44A9-842D-412C8BE473FC}.Release|Any CPU.Build.0 = Release|Any CPU
		{04AB5C29-C860-4489-AF25-E2B1054D52F7}.Debug|Any CPU.ActiveCfg = Debug|Any CPU
		{04AB5C29-C860-4489-AF25-E2B1054D52F7}.Debug|Any CPU.Build.0 = Debug|Any CPU
		{04AB5C29-C860-4489-AF25-E2B1054D52F7}.Release|Any CPU.ActiveCfg = Release|Any CPU
		{04AB5C29-C860-4489-AF25-E2B1054D52F7}.Release|Any CPU.Build.0 = Release|Any CPU
		{84303063-CA82-46CA-945D-3808A4855FCF}.Debug|Any CPU.ActiveCfg = Debug|Any CPU
		{84303063-CA82-46CA-945D-3808A4855FCF}.Debug|Any CPU.Build.0 = Debug|Any CPU
		{84303063-CA82-46CA-945D-3808A4855FCF}.Release|Any CPU.ActiveCfg = Release|Any CPU
		{84303063-CA82-46CA-945D-3808A4855FCF}.Release|Any CPU.Build.0 = Release|Any CPU
		{632A8834-3A69-4338-9128-C8E744870FD2}.Debug|Any CPU.ActiveCfg = Debug|Any CPU
		{632A8834-3A69-4338-9128-C8E744870FD2}.Debug|Any CPU.Build.0 = Debug|Any CPU
		{632A8834-3A69-4338-9128-C8E744870FD2}.Release|Any CPU.ActiveCfg = Release|Any CPU
		{632A8834-3A69-4338-9128-C8E744870FD2}.Release|Any CPU.Build.0 = Release|Any CPU
		{4D412531-695D-4A0B-BBD3-FA4623795600}.Debug|Any CPU.ActiveCfg = Debug|Any CPU
		{4D412531-695D-4A0B-BBD3-FA4623795600}.Debug|Any CPU.Build.0 = Debug|Any CPU
		{4D412531-695D-4A0B-BBD3-FA4623795600}.Release|Any CPU.ActiveCfg = Release|Any CPU
		{4D412531-695D-4A0B-BBD3-FA4623795600}.Release|Any CPU.Build.0 = Release|Any CPU
		{CA8EE669-27E5-411A-B414-4204B2344F48}.Debug|Any CPU.ActiveCfg = Debug|Any CPU
		{CA8EE669-27E5-411A-B414-4204B2344F48}.Debug|Any CPU.Build.0 = Debug|Any CPU
		{CA8EE669-27E5-411A-B414-4204B2344F48}.Release|Any CPU.ActiveCfg = Release|Any CPU
		{CA8EE669-27E5-411A-B414-4204B2344F48}.Release|Any CPU.Build.0 = Release|Any CPU
	EndGlobalSection
	GlobalSection(SolutionProperties) = preSolution
		HideSolutionNode = FALSE
	EndGlobalSection
	GlobalSection(ExtensibilityGlobals) = postSolution
		SolutionGuid = {A2A24481-8DA8-4364-8C6E-3EC674CF4B5C}
	EndGlobalSection
EndGlobal
