
Microsoft Visual Studio Solution File, Format Version 12.00
# Visual Studio 15
VisualStudioVersion = 15.0.28307.271
MinimumVisualStudioVersion = 10.0.40219.1
Project("{FAE04EC0-301F-11D3-BF4B-00C04F79EFBC}") = "Hjemmesideøvelse", "Hjemmesideøvelse\Hjemmesideøvelse.csproj", "{04AB5C29-C860-4489-AF25-E2B1054D52F7}"
EndProject
Project("{FAE04EC0-301F-11D3-BF4B-00C04F79EFBC}") = "Hjemmesideøvelse1", "Hjemmesideøvelse1\Hjemmesideøvelse1.csproj", "{84303063-CA82-46CA-945D-3808A4855FCF}"
EndProject
Project("{FAE04EC0-301F-11D3-BF4B-00C04F79EFBC}") = "NewsSite", "NewsSite\NewsSite.csproj", "{F32B8FA9-0BB9-450D-8B5D-F088F34A2319}"
EndProject
Project("{E24C65DC-7377-472B-9ABA-BC803B73C61A}") = "yoga", "yoga\", "{05DEAE1C-7190-4467-AC5A-17EE425A5F98}"
	ProjectSection(WebsiteProperties) = preProject
		TargetFrameworkMoniker = ".NETFramework,Version%3Dv4.0"
		Debug.AspNetCompiler.VirtualPath = "/localhost_1133"
		Debug.AspNetCompiler.PhysicalPath = "yoga\"
		Debug.AspNetCompiler.TargetPath = "PrecompiledWeb\localhost_1133\"
		Debug.AspNetCompiler.Updateable = "true"
		Debug.AspNetCompiler.ForceOverwrite = "true"
		Debug.AspNetCompiler.FixedNames = "false"
		Debug.AspNetCompiler.Debug = "True"
		Release.AspNetCompiler.VirtualPath = "/localhost_1133"
		Release.AspNetCompiler.PhysicalPath = "yoga\"
		Release.AspNetCompiler.TargetPath = "PrecompiledWeb\localhost_1133\"
		Release.AspNetCompiler.Updateable = "true"
		Release.AspNetCompiler.ForceOverwrite = "true"
		Release.AspNetCompiler.FixedNames = "false"
		Release.AspNetCompiler.Debug = "False"
		VWDPort = "1133"
		SlnRelativePath = "yoga\"
	EndProjectSection
EndProject
Project("{E24C65DC-7377-472B-9ABA-BC803B73C61A}") = "wisdom", "wisdom\", "{C24F2EA9-0207-46DE-82EA-AA209059F5C4}"
	ProjectSection(WebsiteProperties) = preProject
		TargetFrameworkMoniker = ".NETFramework,Version%3Dv4.0"
		Debug.AspNetCompiler.VirtualPath = "/localhost_1324"
		Debug.AspNetCompiler.PhysicalPath = "wisdom\"
		Debug.AspNetCompiler.TargetPath = "PrecompiledWeb\localhost_1324\"
		Debug.AspNetCompiler.Updateable = "true"
		Debug.AspNetCompiler.ForceOverwrite = "true"
		Debug.AspNetCompiler.FixedNames = "false"
		Debug.AspNetCompiler.Debug = "True"
		Release.AspNetCompiler.VirtualPath = "/localhost_1324"
		Release.AspNetCompiler.PhysicalPath = "wisdom\"
		Release.AspNetCompiler.TargetPath = "PrecompiledWeb\localhost_1324\"
		Release.AspNetCompiler.Updateable = "true"
		Release.AspNetCompiler.ForceOverwrite = "true"
		Release.AspNetCompiler.FixedNames = "false"
		Release.AspNetCompiler.Debug = "False"
		VWDPort = "1324"
		SlnRelativePath = "wisdom\"
	EndProjectSection
EndProject
Project("{E24C65DC-7377-472B-9ABA-BC803B73C61A}") = "stuff", "stuff\", "{A073F783-0881-47E7-9A0B-56136E8B005F}"
	ProjectSection(WebsiteProperties) = preProject
		TargetFrameworkMoniker = ".NETFramework,Version%3Dv4.0"
		Debug.AspNetCompiler.VirtualPath = "/localhost_1361"
		Debug.AspNetCompiler.PhysicalPath = "stuff\"
		Debug.AspNetCompiler.TargetPath = "PrecompiledWeb\localhost_1361\"
		Debug.AspNetCompiler.Updateable = "true"
		Debug.AspNetCompiler.ForceOverwrite = "true"
		Debug.AspNetCompiler.FixedNames = "false"
		Debug.AspNetCompiler.Debug = "True"
		Release.AspNetCompiler.VirtualPath = "/localhost_1361"
		Release.AspNetCompiler.PhysicalPath = "stuff\"
		Release.AspNetCompiler.TargetPath = "PrecompiledWeb\localhost_1361\"
		Release.AspNetCompiler.Updateable = "true"
		Release.AspNetCompiler.ForceOverwrite = "true"
		Release.AspNetCompiler.FixedNames = "false"
		Release.AspNetCompiler.Debug = "False"
		VWDPort = "1361"
		SlnRelativePath = "stuff\"
	EndProjectSection
EndProject
Project("{E24C65DC-7377-472B-9ABA-BC803B73C61A}") = "startbootstrap-new-age-gh-pages", "startbootstrap-new-age-gh-pages\", "{CF412C29-B9AF-4FC2-9D9A-51067087280C}"
	ProjectSection(WebsiteProperties) = preProject
		TargetFrameworkMoniker = ".NETFramework,Version%3Dv4.0"
		Debug.AspNetCompiler.VirtualPath = "/localhost_1385"
		Debug.AspNetCompiler.PhysicalPath = "startbootstrap-new-age-gh-pages\"
		Debug.AspNetCompiler.TargetPath = "PrecompiledWeb\localhost_1385\"
		Debug.AspNetCompiler.Updateable = "true"
		Debug.AspNetCompiler.ForceOverwrite = "true"
		Debug.AspNetCompiler.FixedNames = "false"
		Debug.AspNetCompiler.Debug = "True"
		Release.AspNetCompiler.VirtualPath = "/localhost_1385"
		Release.AspNetCompiler.PhysicalPath = "startbootstrap-new-age-gh-pages\"
		Release.AspNetCompiler.TargetPath = "PrecompiledWeb\localhost_1385\"
		Release.AspNetCompiler.Updateable = "true"
		Release.AspNetCompiler.ForceOverwrite = "true"
		Release.AspNetCompiler.FixedNames = "false"
		Release.AspNetCompiler.Debug = "False"
		VWDPort = "1385"
		SlnRelativePath = "startbootstrap-new-age-gh-pages\"
	EndProjectSection
EndProject
Project("{E24C65DC-7377-472B-9ABA-BC803B73C61A}") = "CV", "CV\", "{A6B88463-39E6-404F-8EFC-A7CF19547018}"
	ProjectSection(WebsiteProperties) = preProject
		TargetFrameworkMoniker = ".NETFramework,Version%3Dv4.0"
		Debug.AspNetCompiler.VirtualPath = "/localhost_1655"
		Debug.AspNetCompiler.PhysicalPath = "CV\"
		Debug.AspNetCompiler.TargetPath = "PrecompiledWeb\localhost_1655\"
		Debug.AspNetCompiler.Updateable = "true"
		Debug.AspNetCompiler.ForceOverwrite = "true"
		Debug.AspNetCompiler.FixedNames = "false"
		Debug.AspNetCompiler.Debug = "True"
		Release.AspNetCompiler.VirtualPath = "/localhost_1655"
		Release.AspNetCompiler.PhysicalPath = "CV\"
		Release.AspNetCompiler.TargetPath = "PrecompiledWeb\localhost_1655\"
		Release.AspNetCompiler.Updateable = "true"
		Release.AspNetCompiler.ForceOverwrite = "true"
		Release.AspNetCompiler.FixedNames = "false"
		Release.AspNetCompiler.Debug = "False"
		VWDPort = "1655"
		SlnRelativePath = "CV\"
	EndProjectSection
EndProject
Project("{E24C65DC-7377-472B-9ABA-BC803B73C61A}") = "Festival grid", "Festival grid\", "{3853487D-B312-451D-A750-F978F5576C3A}"
	ProjectSection(WebsiteProperties) = preProject
		TargetFrameworkMoniker = ".NETFramework,Version%3Dv4.0"
		Debug.AspNetCompiler.VirtualPath = "/localhost_1915"
		Debug.AspNetCompiler.PhysicalPath = "Festival grid\"
		Debug.AspNetCompiler.TargetPath = "PrecompiledWeb\localhost_1915\"
		Debug.AspNetCompiler.Updateable = "true"
		Debug.AspNetCompiler.ForceOverwrite = "true"
		Debug.AspNetCompiler.FixedNames = "false"
		Debug.AspNetCompiler.Debug = "True"
		Release.AspNetCompiler.VirtualPath = "/localhost_1915"
		Release.AspNetCompiler.PhysicalPath = "Festival grid\"
		Release.AspNetCompiler.TargetPath = "PrecompiledWeb\localhost_1915\"
		Release.AspNetCompiler.Updateable = "true"
		Release.AspNetCompiler.ForceOverwrite = "true"
		Release.AspNetCompiler.FixedNames = "false"
		Release.AspNetCompiler.Debug = "False"
		VWDPort = "1915"
		SlnRelativePath = "Festival grid\"
	EndProjectSection
EndProject
Project("{FAE04EC0-301F-11D3-BF4B-00C04F79EFBC}") = "Umbraco Articulate Blog", "Umbraco Articulate Blog\Umbraco Articulate Blog.csproj", "{C6CD9AE6-DC97-488D-B37B-16BDB3C3754A}"
EndProject
Project("{FAE04EC0-301F-11D3-BF4B-00C04F79EFBC}") = "Ditmit", "Ditmit\Ditmit.csproj", "{1C47A51A-12B9-4632-9D94-81F4CAF2DB67}"
EndProject
Project("{FAE04EC0-301F-11D3-BF4B-00C04F79EFBC}") = "Hjemmesideøvelse 1", "Hjemmesideøvelse 1\Hjemmesideøvelse 1.csproj", "{6FB23AFA-5757-4682-AD69-D25CA0285039}"
EndProject
Project("{FAE04EC0-301F-11D3-BF4B-00C04F79EFBC}") = "Hyponet TEST", "Hyponet TEST\Hyponet TEST.csproj", "{7F88E760-CFA0-4D95-ACD2-3CB76C9E4AE2}"
EndProject
Project("{FAE04EC0-301F-11D3-BF4B-00C04F79EFBC}") = "JavaScriptJQuery", "JavaScript_JQuery\JavaScriptJQuery.csproj", "{38F49288-79C5-44A9-842D-412C8BE473FC}"
EndProject
Project("{FAE04EC0-301F-11D3-BF4B-00C04F79EFBC}") = "myIo", "myIo\myIo.csproj", "{EB14965B-2641-485C-A90E-A734A3488425}"
EndProject
Project("{FAE04EC0-301F-11D3-BF4B-00C04F79EFBC}") = "reltest", "reltest\reltest.csproj", "{F031A561-13A5-43EB-935C-6042EE20BDD4}"
EndProject
Project("{FAE04EC0-301F-11D3-BF4B-00C04F79EFBC}") = "WebApplication1", "WebApplication1\WebApplication1.csproj", "{4774C7F0-CEC9-430E-98BA-3BA400328158}"
EndProject
Global
	GlobalSection(SolutionConfigurationPlatforms) = preSolution
		Debug|Any CPU = Debug|Any CPU
		Release|Any CPU = Release|Any CPU
	EndGlobalSection
	GlobalSection(ProjectConfigurationPlatforms) = postSolution
		{04AB5C29-C860-4489-AF25-E2B1054D52F7}.Debug|Any CPU.ActiveCfg = Debug|Any CPU
		{04AB5C29-C860-4489-AF25-E2B1054D52F7}.Debug|Any CPU.Build.0 = Debug|Any CPU
		{04AB5C29-C860-4489-AF25-E2B1054D52F7}.Release|Any CPU.ActiveCfg = Release|Any CPU
		{04AB5C29-C860-4489-AF25-E2B1054D52F7}.Release|Any CPU.Build.0 = Release|Any CPU
		{84303063-CA82-46CA-945D-3808A4855FCF}.Debug|Any CPU.ActiveCfg = Debug|Any CPU
		{84303063-CA82-46CA-945D-3808A4855FCF}.Debug|Any CPU.Build.0 = Debug|Any CPU
		{84303063-CA82-46CA-945D-3808A4855FCF}.Release|Any CPU.ActiveCfg = Release|Any CPU
		{84303063-CA82-46CA-945D-3808A4855FCF}.Release|Any CPU.Build.0 = Release|Any CPU
		{F32B8FA9-0BB9-450D-8B5D-F088F34A2319}.Debug|Any CPU.ActiveCfg = Debug|Any CPU
		{F32B8FA9-0BB9-450D-8B5D-F088F34A2319}.Debug|Any CPU.Build.0 = Debug|Any CPU
		{F32B8FA9-0BB9-450D-8B5D-F088F34A2319}.Release|Any CPU.ActiveCfg = Release|Any CPU
		{F32B8FA9-0BB9-450D-8B5D-F088F34A2319}.Release|Any CPU.Build.0 = Release|Any CPU
		{05DEAE1C-7190-4467-AC5A-17EE425A5F98}.Debug|Any CPU.ActiveCfg = Debug|Any CPU
		{05DEAE1C-7190-4467-AC5A-17EE425A5F98}.Debug|Any CPU.Build.0 = Debug|Any CPU
		{05DEAE1C-7190-4467-AC5A-17EE425A5F98}.Release|Any CPU.ActiveCfg = Debug|Any CPU
		{05DEAE1C-7190-4467-AC5A-17EE425A5F98}.Release|Any CPU.Build.0 = Debug|Any CPU
		{C24F2EA9-0207-46DE-82EA-AA209059F5C4}.Debug|Any CPU.ActiveCfg = Debug|Any CPU
		{C24F2EA9-0207-46DE-82EA-AA209059F5C4}.Debug|Any CPU.Build.0 = Debug|Any CPU
		{C24F2EA9-0207-46DE-82EA-AA209059F5C4}.Release|Any CPU.ActiveCfg = Debug|Any CPU
		{C24F2EA9-0207-46DE-82EA-AA209059F5C4}.Release|Any CPU.Build.0 = Debug|Any CPU
		{A073F783-0881-47E7-9A0B-56136E8B005F}.Debug|Any CPU.ActiveCfg = Debug|Any CPU
		{A073F783-0881-47E7-9A0B-56136E8B005F}.Debug|Any CPU.Build.0 = Debug|Any CPU
		{A073F783-0881-47E7-9A0B-56136E8B005F}.Release|Any CPU.ActiveCfg = Debug|Any CPU
		{A073F783-0881-47E7-9A0B-56136E8B005F}.Release|Any CPU.Build.0 = Debug|Any CPU
		{CF412C29-B9AF-4FC2-9D9A-51067087280C}.Debug|Any CPU.ActiveCfg = Debug|Any CPU
		{CF412C29-B9AF-4FC2-9D9A-51067087280C}.Debug|Any CPU.Build.0 = Debug|Any CPU
		{CF412C29-B9AF-4FC2-9D9A-51067087280C}.Release|Any CPU.ActiveCfg = Debug|Any CPU
		{CF412C29-B9AF-4FC2-9D9A-51067087280C}.Release|Any CPU.Build.0 = Debug|Any CPU
		{A6B88463-39E6-404F-8EFC-A7CF19547018}.Debug|Any CPU.ActiveCfg = Debug|Any CPU
		{A6B88463-39E6-404F-8EFC-A7CF19547018}.Debug|Any CPU.Build.0 = Debug|Any CPU
		{A6B88463-39E6-404F-8EFC-A7CF19547018}.Release|Any CPU.ActiveCfg = Debug|Any CPU
		{A6B88463-39E6-404F-8EFC-A7CF19547018}.Release|Any CPU.Build.0 = Debug|Any CPU
		{3853487D-B312-451D-A750-F978F5576C3A}.Debug|Any CPU.ActiveCfg = Debug|Any CPU
		{3853487D-B312-451D-A750-F978F5576C3A}.Debug|Any CPU.Build.0 = Debug|Any CPU
		{3853487D-B312-451D-A750-F978F5576C3A}.Release|Any CPU.ActiveCfg = Debug|Any CPU
		{3853487D-B312-451D-A750-F978F5576C3A}.Release|Any CPU.Build.0 = Debug|Any CPU
		{C6CD9AE6-DC97-488D-B37B-16BDB3C3754A}.Debug|Any CPU.ActiveCfg = Debug|Any CPU
		{C6CD9AE6-DC97-488D-B37B-16BDB3C3754A}.Debug|Any CPU.Build.0 = Debug|Any CPU
		{C6CD9AE6-DC97-488D-B37B-16BDB3C3754A}.Release|Any CPU.ActiveCfg = Release|Any CPU
		{C6CD9AE6-DC97-488D-B37B-16BDB3C3754A}.Release|Any CPU.Build.0 = Release|Any CPU
		{1C47A51A-12B9-4632-9D94-81F4CAF2DB67}.Debug|Any CPU.ActiveCfg = Debug|Any CPU
		{1C47A51A-12B9-4632-9D94-81F4CAF2DB67}.Debug|Any CPU.Build.0 = Debug|Any CPU
		{1C47A51A-12B9-4632-9D94-81F4CAF2DB67}.Release|Any CPU.ActiveCfg = Release|Any CPU
		{1C47A51A-12B9-4632-9D94-81F4CAF2DB67}.Release|Any CPU.Build.0 = Release|Any CPU
		{6FB23AFA-5757-4682-AD69-D25CA0285039}.Debug|Any CPU.ActiveCfg = Debug|Any CPU
		{6FB23AFA-5757-4682-AD69-D25CA0285039}.Debug|Any CPU.Build.0 = Debug|Any CPU
		{6FB23AFA-5757-4682-AD69-D25CA0285039}.Release|Any CPU.ActiveCfg = Release|Any CPU
		{6FB23AFA-5757-4682-AD69-D25CA0285039}.Release|Any CPU.Build.0 = Release|Any CPU
		{7F88E760-CFA0-4D95-ACD2-3CB76C9E4AE2}.Debug|Any CPU.ActiveCfg = Debug|Any CPU
		{7F88E760-CFA0-4D95-ACD2-3CB76C9E4AE2}.Debug|Any CPU.Build.0 = Debug|Any CPU
		{7F88E760-CFA0-4D95-ACD2-3CB76C9E4AE2}.Release|Any CPU.ActiveCfg = Release|Any CPU
		{7F88E760-CFA0-4D95-ACD2-3CB76C9E4AE2}.Release|Any CPU.Build.0 = Release|Any CPU
		{38F49288-79C5-44A9-842D-412C8BE473FC}.Debug|Any CPU.ActiveCfg = Debug|Any CPU
		{38F49288-79C5-44A9-842D-412C8BE473FC}.Debug|Any CPU.Build.0 = Debug|Any CPU
		{38F49288-79C5-44A9-842D-412C8BE473FC}.Release|Any CPU.ActiveCfg = Release|Any CPU
		{38F49288-79C5-44A9-842D-412C8BE473FC}.Release|Any CPU.Build.0 = Release|Any CPU
		{EB14965B-2641-485C-A90E-A734A3488425}.Debug|Any CPU.ActiveCfg = Debug|Any CPU
		{EB14965B-2641-485C-A90E-A734A3488425}.Debug|Any CPU.Build.0 = Debug|Any CPU
		{EB14965B-2641-485C-A90E-A734A3488425}.Release|Any CPU.ActiveCfg = Release|Any CPU
		{EB14965B-2641-485C-A90E-A734A3488425}.Release|Any CPU.Build.0 = Release|Any CPU
		{F031A561-13A5-43EB-935C-6042EE20BDD4}.Debug|Any CPU.ActiveCfg = Debug|Any CPU
		{F031A561-13A5-43EB-935C-6042EE20BDD4}.Debug|Any CPU.Build.0 = Debug|Any CPU
		{F031A561-13A5-43EB-935C-6042EE20BDD4}.Release|Any CPU.ActiveCfg = Release|Any CPU
		{F031A561-13A5-43EB-935C-6042EE20BDD4}.Release|Any CPU.Build.0 = Release|Any CPU
		{4774C7F0-CEC9-430E-98BA-3BA400328158}.Debug|Any CPU.ActiveCfg = Debug|Any CPU
		{4774C7F0-CEC9-430E-98BA-3BA400328158}.Debug|Any CPU.Build.0 = Debug|Any CPU
		{4774C7F0-CEC9-430E-98BA-3BA400328158}.Release|Any CPU.ActiveCfg = Release|Any CPU
		{4774C7F0-CEC9-430E-98BA-3BA400328158}.Release|Any CPU.Build.0 = Release|Any CPU
	EndGlobalSection
	GlobalSection(SolutionProperties) = preSolution
		HideSolutionNode = FALSE
	EndGlobalSection
	GlobalSection(ExtensibilityGlobals) = postSolution
		SolutionGuid = {A2A24481-8DA8-4364-8C6E-3EC674CF4B5C}
	EndGlobalSection
EndGlobal
