
Microsoft Visual Studio Solution File, Format Version 12.00
# Visual Studio 15
VisualStudioVersion = 15.0.28307.271
MinimumVisualStudioVersion = 10.0.40219.1
Project("{FAE04EC0-301F-11D3-BF4B-00C04F79EFBC}") = "JavaScriptJQuery", "JavaScript_JQuery\JavaScriptJQuery.csproj", "{38F49288-79C5-44A9-842D-412C8BE473FC}"
EndProject
Project("{FAE04EC0-301F-11D3-BF4B-00C04F79EFBC}") = "Paralax bootstrap theme", "Hjemmesideøvelse1\Paralax bootstrap theme.csproj", "{84303063-CA82-46CA-945D-3808A4855FCF}"
EndProject
Project("{FAE04EC0-301F-11D3-BF4B-00C04F79EFBC}") = "Webservices", "Webservices\Webservices.csproj", "{632A8834-3A69-4338-9128-C8E744870FD2}"
EndProject
Project("{FAE04EC0-301F-11D3-BF4B-00C04F79EFBC}") = "MinegenAPI", "MinegenAPI\MinegenAPI.csproj", "{4D412531-695D-4A0B-BBD3-FA4623795600}"
EndProject
Project("{FAE04EC0-301F-11D3-BF4B-00C04F79EFBC}") = "Opgave REST CRUD API", "Opgave REST CRUD API\Opgave REST CRUD API.csproj", "{CA8EE669-27E5-411A-B414-4204B2344F48}"
EndProject
Project("{FAE04EC0-301F-11D3-BF4B-00C04F79EFBC}") = "Hyponet", "Hyponet\Hyponet.csproj", "{FAC3E847-3D58-40FA-A62A-2A912DC79314}"
EndProject
Project("{FAE04EC0-301F-11D3-BF4B-00C04F79EFBC}") = "LP Butik MVC Repetetion", "LP Butik MVC Repetetion\LP Butik MVC Repetetion.csproj", "{88160DAF-9E67-4723-B771-79E94107C8D6}"
EndProject
Project("{FAE04EC0-301F-11D3-BF4B-00C04F79EFBC}") = "NewsSite", "NewsSite\NewsSite.csproj", "{F32B8FA9-0BB9-450D-8B5D-F088F34A2319}"
EndProject
Project("{E24C65DC-7377-472B-9ABA-BC803B73C61A}") = "yoga", "yoga\", "{05DEAE1C-7190-4467-AC5A-17EE425A5F98}"
	ProjectSection(WebsiteProperties) = preProject
		TargetFrameworkMoniker = ".NETFramework,Version%3Dv4.0"
		Debug.AspNetCompiler.VirtualPath = "/localhost_1133"
		Debug.AspNetCompiler.PhysicalPath = "yoga\"
		Debug.AspNetCompiler.TargetPath = "PrecompiledWeb\localhost_1133\"
		Debug.AspNetCompiler.Updateable = "true"
		Debug.AspNetCompiler.ForceOverwrite = "true"
		Debug.AspNetCompiler.FixedNames = "false"
		Debug.AspNetCompiler.Debug = "True"
		Release.AspNetCompiler.VirtualPath = "/localhost_1133"
		Release.AspNetCompiler.PhysicalPath = "yoga\"
		Release.AspNetCompiler.TargetPath = "PrecompiledWeb\localhost_1133\"
		Release.AspNetCompiler.Updateable = "true"
		Release.AspNetCompiler.ForceOverwrite = "true"
		Release.AspNetCompiler.FixedNames = "false"
		Release.AspNetCompiler.Debug = "False"
		VWDPort = "1133"
		SlnRelativePath = "yoga\"
	EndProjectSection
EndProject
Project("{FAE04EC0-301F-11D3-BF4B-00C04F79EFBC}") = "MVCcitater", "MVCcitater\MVCcitater.csproj", "{6714E8D5-B138-40AE-80C7-5EC2D0FA426D}"
EndProject
Project("{FAE04EC0-301F-11D3-BF4B-00C04F79EFBC}") = "PotteryWeb", "PotteryWeb\PotteryWeb.csproj", "{C93D06EF-0F90-4187-AAFC-C34945F21FCF}"
EndProject
Project("{FAE04EC0-301F-11D3-BF4B-00C04F79EFBC}") = "ProductWeb", "ProductWeb\ProductWeb.csproj", "{1C6C942B-B936-40DE-A5E5-F43330919D4F}"
EndProject
Project("{E24C65DC-7377-472B-9ABA-BC803B73C61A}") = "wisdom", "wisdom\", "{C24F2EA9-0207-46DE-82EA-AA209059F5C4}"
	ProjectSection(WebsiteProperties) = preProject
		TargetFrameworkMoniker = ".NETFramework,Version%3Dv4.0"
		Debug.AspNetCompiler.VirtualPath = "/localhost_1324"
		Debug.AspNetCompiler.PhysicalPath = "wisdom\"
		Debug.AspNetCompiler.TargetPath = "PrecompiledWeb\localhost_1324\"
		Debug.AspNetCompiler.Updateable = "true"
		Debug.AspNetCompiler.ForceOverwrite = "true"
		Debug.AspNetCompiler.FixedNames = "false"
		Debug.AspNetCompiler.Debug = "True"
		Release.AspNetCompiler.VirtualPath = "/localhost_1324"
		Release.AspNetCompiler.PhysicalPath = "wisdom\"
		Release.AspNetCompiler.TargetPath = "PrecompiledWeb\localhost_1324\"
		Release.AspNetCompiler.Updateable = "true"
		Release.AspNetCompiler.ForceOverwrite = "true"
		Release.AspNetCompiler.FixedNames = "false"
		Release.AspNetCompiler.Debug = "False"
		VWDPort = "1324"
		SlnRelativePath = "wisdom\"
	EndProjectSection
EndProject
Project("{E24C65DC-7377-472B-9ABA-BC803B73C61A}") = "stuff", "stuff\", "{A073F783-0881-47E7-9A0B-56136E8B005F}"
	ProjectSection(WebsiteProperties) = preProject
		TargetFrameworkMoniker = ".NETFramework,Version%3Dv4.0"
		Debug.AspNetCompiler.VirtualPath = "/localhost_1361"
		Debug.AspNetCompiler.PhysicalPath = "stuff\"
		Debug.AspNetCompiler.TargetPath = "PrecompiledWeb\localhost_1361\"
		Debug.AspNetCompiler.Updateable = "true"
		Debug.AspNetCompiler.ForceOverwrite = "true"
		Debug.AspNetCompiler.FixedNames = "false"
		Debug.AspNetCompiler.Debug = "True"
		Release.AspNetCompiler.VirtualPath = "/localhost_1361"
		Release.AspNetCompiler.PhysicalPath = "stuff\"
		Release.AspNetCompiler.TargetPath = "PrecompiledWeb\localhost_1361\"
		Release.AspNetCompiler.Updateable = "true"
		Release.AspNetCompiler.ForceOverwrite = "true"
		Release.AspNetCompiler.FixedNames = "false"
		Release.AspNetCompiler.Debug = "False"
		VWDPort = "1361"
		SlnRelativePath = "stuff\"
	EndProjectSection
EndProject
Project("{E24C65DC-7377-472B-9ABA-BC803B73C61A}") = "startbootstrap-new-age-gh-pages", "startbootstrap-new-age-gh-pages\", "{CF412C29-B9AF-4FC2-9D9A-51067087280C}"
	ProjectSection(WebsiteProperties) = preProject
		TargetFrameworkMoniker = ".NETFramework,Version%3Dv4.0"
		Debug.AspNetCompiler.VirtualPath = "/localhost_1385"
		Debug.AspNetCompiler.PhysicalPath = "startbootstrap-new-age-gh-pages\"
		Debug.AspNetCompiler.TargetPath = "PrecompiledWeb\localhost_1385\"
		Debug.AspNetCompiler.Updateable = "true"
		Debug.AspNetCompiler.ForceOverwrite = "true"
		Debug.AspNetCompiler.FixedNames = "false"
		Debug.AspNetCompiler.Debug = "True"
		Release.AspNetCompiler.VirtualPath = "/localhost_1385"
		Release.AspNetCompiler.PhysicalPath = "startbootstrap-new-age-gh-pages\"
		Release.AspNetCompiler.TargetPath = "PrecompiledWeb\localhost_1385\"
		Release.AspNetCompiler.Updateable = "true"
		Release.AspNetCompiler.ForceOverwrite = "true"
		Release.AspNetCompiler.FixedNames = "false"
		Release.AspNetCompiler.Debug = "False"
		VWDPort = "1385"
		SlnRelativePath = "startbootstrap-new-age-gh-pages\"
	EndProjectSection
EndProject
Project("{E24C65DC-7377-472B-9ABA-BC803B73C61A}") = "CV", "CV\", "{A6B88463-39E6-404F-8EFC-A7CF19547018}"
	ProjectSection(WebsiteProperties) = preProject
		TargetFrameworkMoniker = ".NETFramework,Version%3Dv4.0"
		Debug.AspNetCompiler.VirtualPath = "/localhost_1655"
		Debug.AspNetCompiler.PhysicalPath = "CV\"
		Debug.AspNetCompiler.TargetPath = "PrecompiledWeb\localhost_1655\"
		Debug.AspNetCompiler.Updateable = "true"
		Debug.AspNetCompiler.ForceOverwrite = "true"
		Debug.AspNetCompiler.FixedNames = "false"
		Debug.AspNetCompiler.Debug = "True"
		Release.AspNetCompiler.VirtualPath = "/localhost_1655"
		Release.AspNetCompiler.PhysicalPath = "CV\"
		Release.AspNetCompiler.TargetPath = "PrecompiledWeb\localhost_1655\"
		Release.AspNetCompiler.Updateable = "true"
		Release.AspNetCompiler.ForceOverwrite = "true"
		Release.AspNetCompiler.FixedNames = "false"
		Release.AspNetCompiler.Debug = "False"
		VWDPort = "1655"
		SlnRelativePath = "CV\"
	EndProjectSection
EndProject
Project("{FAE04EC0-301F-11D3-BF4B-00C04F79EFBC}") = "CartoonSite", "CartoonSite\CartoonSite.csproj", "{07D69098-64F1-4653-93AD-1CC9CC669846}"
EndProject
Project("{E24C65DC-7377-472B-9ABA-BC803B73C61A}") = "Festival grid", "Festival grid\", "{3853487D-B312-451D-A750-F978F5576C3A}"
	ProjectSection(WebsiteProperties) = preProject
		TargetFrameworkMoniker = ".NETFramework,Version%3Dv4.0"
		Debug.AspNetCompiler.VirtualPath = "/localhost_1915"
		Debug.AspNetCompiler.PhysicalPath = "Festival grid\"
		Debug.AspNetCompiler.TargetPath = "PrecompiledWeb\localhost_1915\"
		Debug.AspNetCompiler.Updateable = "true"
		Debug.AspNetCompiler.ForceOverwrite = "true"
		Debug.AspNetCompiler.FixedNames = "false"
		Debug.AspNetCompiler.Debug = "True"
		Release.AspNetCompiler.VirtualPath = "/localhost_1915"
		Release.AspNetCompiler.PhysicalPath = "Festival grid\"
		Release.AspNetCompiler.TargetPath = "PrecompiledWeb\localhost_1915\"
		Release.AspNetCompiler.Updateable = "true"
		Release.AspNetCompiler.ForceOverwrite = "true"
		Release.AspNetCompiler.FixedNames = "false"
		Release.AspNetCompiler.Debug = "False"
		VWDPort = "1915"
		SlnRelativePath = "Festival grid\"
	EndProjectSection
EndProject
Global
	GlobalSection(SolutionConfigurationPlatforms) = preSolution
		Debug|Any CPU = Debug|Any CPU
		Release|Any CPU = Release|Any CPU
	EndGlobalSection
	GlobalSection(ProjectConfigurationPlatforms) = postSolution
		{38F49288-79C5-44A9-842D-412C8BE473FC}.Debug|Any CPU.ActiveCfg = Debug|Any CPU
		{38F49288-79C5-44A9-842D-412C8BE473FC}.Debug|Any CPU.Build.0 = Debug|Any CPU
		{38F49288-79C5-44A9-842D-412C8BE473FC}.Release|Any CPU.ActiveCfg = Release|Any CPU
		{38F49288-79C5-44A9-842D-412C8BE473FC}.Release|Any CPU.Build.0 = Release|Any CPU
		{84303063-CA82-46CA-945D-3808A4855FCF}.Debug|Any CPU.ActiveCfg = Debug|Any CPU
		{84303063-CA82-46CA-945D-3808A4855FCF}.Debug|Any CPU.Build.0 = Debug|Any CPU
		{84303063-CA82-46CA-945D-3808A4855FCF}.Release|Any CPU.ActiveCfg = Release|Any CPU
		{84303063-CA82-46CA-945D-3808A4855FCF}.Release|Any CPU.Build.0 = Release|Any CPU
		{632A8834-3A69-4338-9128-C8E744870FD2}.Debug|Any CPU.ActiveCfg = Debug|Any CPU
		{632A8834-3A69-4338-9128-C8E744870FD2}.Debug|Any CPU.Build.0 = Debug|Any CPU
		{632A8834-3A69-4338-9128-C8E744870FD2}.Release|Any CPU.ActiveCfg = Release|Any CPU
		{632A8834-3A69-4338-9128-C8E744870FD2}.Release|Any CPU.Build.0 = Release|Any CPU
		{4D412531-695D-4A0B-BBD3-FA4623795600}.Debug|Any CPU.ActiveCfg = Debug|Any CPU
		{4D412531-695D-4A0B-BBD3-FA4623795600}.Debug|Any CPU.Build.0 = Debug|Any CPU
		{4D412531-695D-4A0B-BBD3-FA4623795600}.Release|Any CPU.ActiveCfg = Release|Any CPU
		{4D412531-695D-4A0B-BBD3-FA4623795600}.Release|Any CPU.Build.0 = Release|Any CPU
		{CA8EE669-27E5-411A-B414-4204B2344F48}.Debug|Any CPU.ActiveCfg = Debug|Any CPU
		{CA8EE669-27E5-411A-B414-4204B2344F48}.Debug|Any CPU.Build.0 = Debug|Any CPU
		{CA8EE669-27E5-411A-B414-4204B2344F48}.Release|Any CPU.ActiveCfg = Release|Any CPU
		{CA8EE669-27E5-411A-B414-4204B2344F48}.Release|Any CPU.Build.0 = Release|Any CPU
		{FAC3E847-3D58-40FA-A62A-2A912DC79314}.Debug|Any CPU.ActiveCfg = Debug|Any CPU
		{FAC3E847-3D58-40FA-A62A-2A912DC79314}.Debug|Any CPU.Build.0 = Debug|Any CPU
		{FAC3E847-3D58-40FA-A62A-2A912DC79314}.Release|Any CPU.ActiveCfg = Release|Any CPU
		{FAC3E847-3D58-40FA-A62A-2A912DC79314}.Release|Any CPU.Build.0 = Release|Any CPU
		{88160DAF-9E67-4723-B771-79E94107C8D6}.Debug|Any CPU.ActiveCfg = Debug|Any CPU
		{88160DAF-9E67-4723-B771-79E94107C8D6}.Debug|Any CPU.Build.0 = Debug|Any CPU
		{88160DAF-9E67-4723-B771-79E94107C8D6}.Release|Any CPU.ActiveCfg = Release|Any CPU
		{88160DAF-9E67-4723-B771-79E94107C8D6}.Release|Any CPU.Build.0 = Release|Any CPU
		{F32B8FA9-0BB9-450D-8B5D-F088F34A2319}.Debug|Any CPU.ActiveCfg = Debug|Any CPU
		{F32B8FA9-0BB9-450D-8B5D-F088F34A2319}.Debug|Any CPU.Build.0 = Debug|Any CPU
		{F32B8FA9-0BB9-450D-8B5D-F088F34A2319}.Release|Any CPU.ActiveCfg = Release|Any CPU
		{F32B8FA9-0BB9-450D-8B5D-F088F34A2319}.Release|Any CPU.Build.0 = Release|Any CPU
		{05DEAE1C-7190-4467-AC5A-17EE425A5F98}.Debug|Any CPU.ActiveCfg = Debug|Any CPU
		{05DEAE1C-7190-4467-AC5A-17EE425A5F98}.Debug|Any CPU.Build.0 = Debug|Any CPU
		{05DEAE1C-7190-4467-AC5A-17EE425A5F98}.Release|Any CPU.ActiveCfg = Debug|Any CPU
		{05DEAE1C-7190-4467-AC5A-17EE425A5F98}.Release|Any CPU.Build.0 = Debug|Any CPU
		{6714E8D5-B138-40AE-80C7-5EC2D0FA426D}.Debug|Any CPU.ActiveCfg = Debug|Any CPU
		{6714E8D5-B138-40AE-80C7-5EC2D0FA426D}.Debug|Any CPU.Build.0 = Debug|Any CPU
		{6714E8D5-B138-40AE-80C7-5EC2D0FA426D}.Release|Any CPU.ActiveCfg = Release|Any CPU
		{6714E8D5-B138-40AE-80C7-5EC2D0FA426D}.Release|Any CPU.Build.0 = Release|Any CPU
		{C93D06EF-0F90-4187-AAFC-C34945F21FCF}.Debug|Any CPU.ActiveCfg = Debug|Any CPU
		{C93D06EF-0F90-4187-AAFC-C34945F21FCF}.Debug|Any CPU.Build.0 = Debug|Any CPU
		{C93D06EF-0F90-4187-AAFC-C34945F21FCF}.Release|Any CPU.ActiveCfg = Release|Any CPU
		{C93D06EF-0F90-4187-AAFC-C34945F21FCF}.Release|Any CPU.Build.0 = Release|Any CPU
		{1C6C942B-B936-40DE-A5E5-F43330919D4F}.Debug|Any CPU.ActiveCfg = Debug|Any CPU
		{1C6C942B-B936-40DE-A5E5-F43330919D4F}.Debug|Any CPU.Build.0 = Debug|Any CPU
		{1C6C942B-B936-40DE-A5E5-F43330919D4F}.Release|Any CPU.ActiveCfg = Release|Any CPU
		{1C6C942B-B936-40DE-A5E5-F43330919D4F}.Release|Any CPU.Build.0 = Release|Any CPU
		{C24F2EA9-0207-46DE-82EA-AA209059F5C4}.Debug|Any CPU.ActiveCfg = Debug|Any CPU
		{C24F2EA9-0207-46DE-82EA-AA209059F5C4}.Debug|Any CPU.Build.0 = Debug|Any CPU
		{C24F2EA9-0207-46DE-82EA-AA209059F5C4}.Release|Any CPU.ActiveCfg = Debug|Any CPU
		{C24F2EA9-0207-46DE-82EA-AA209059F5C4}.Release|Any CPU.Build.0 = Debug|Any CPU
		{A073F783-0881-47E7-9A0B-56136E8B005F}.Debug|Any CPU.ActiveCfg = Debug|Any CPU
		{A073F783-0881-47E7-9A0B-56136E8B005F}.Debug|Any CPU.Build.0 = Debug|Any CPU
		{A073F783-0881-47E7-9A0B-56136E8B005F}.Release|Any CPU.ActiveCfg = Debug|Any CPU
		{A073F783-0881-47E7-9A0B-56136E8B005F}.Release|Any CPU.Build.0 = Debug|Any CPU
		{CF412C29-B9AF-4FC2-9D9A-51067087280C}.Debug|Any CPU.ActiveCfg = Debug|Any CPU
		{CF412C29-B9AF-4FC2-9D9A-51067087280C}.Debug|Any CPU.Build.0 = Debug|Any CPU
		{CF412C29-B9AF-4FC2-9D9A-51067087280C}.Release|Any CPU.ActiveCfg = Debug|Any CPU
		{CF412C29-B9AF-4FC2-9D9A-51067087280C}.Release|Any CPU.Build.0 = Debug|Any CPU
		{A6B88463-39E6-404F-8EFC-A7CF19547018}.Debug|Any CPU.ActiveCfg = Debug|Any CPU
		{A6B88463-39E6-404F-8EFC-A7CF19547018}.Debug|Any CPU.Build.0 = Debug|Any CPU
		{A6B88463-39E6-404F-8EFC-A7CF19547018}.Release|Any CPU.ActiveCfg = Debug|Any CPU
		{A6B88463-39E6-404F-8EFC-A7CF19547018}.Release|Any CPU.Build.0 = Debug|Any CPU
		{07D69098-64F1-4653-93AD-1CC9CC669846}.Debug|Any CPU.ActiveCfg = Debug|Any CPU
		{07D69098-64F1-4653-93AD-1CC9CC669846}.Debug|Any CPU.Build.0 = Debug|Any CPU
		{07D69098-64F1-4653-93AD-1CC9CC669846}.Release|Any CPU.ActiveCfg = Release|Any CPU
		{07D69098-64F1-4653-93AD-1CC9CC669846}.Release|Any CPU.Build.0 = Release|Any CPU
		{3853487D-B312-451D-A750-F978F5576C3A}.Debug|Any CPU.ActiveCfg = Debug|Any CPU
		{3853487D-B312-451D-A750-F978F5576C3A}.Debug|Any CPU.Build.0 = Debug|Any CPU
		{3853487D-B312-451D-A750-F978F5576C3A}.Release|Any CPU.ActiveCfg = Debug|Any CPU
		{3853487D-B312-451D-A750-F978F5576C3A}.Release|Any CPU.Build.0 = Debug|Any CPU
	EndGlobalSection
	GlobalSection(SolutionProperties) = preSolution
		HideSolutionNode = FALSE
	EndGlobalSection
	GlobalSection(ExtensibilityGlobals) = postSolution
		SolutionGuid = {A2A24481-8DA8-4364-8C6E-3EC674CF4B5C}
	EndGlobalSection
EndGlobal
